
Microsoft Visual Studio Solution File, Format Version 12.00
# Visual Studio Version 16
VisualStudioVersion = 16.0.30204.135
MinimumVisualStudioVersion = 10.0.40219.1
Project("{9A19103F-16F7-4668-BE54-9A1E7A4F7556}") = "CasaDoCodigo", "CasaDoCodigo\CasaDoCodigo.csproj", "{A66B4C49-281D-4C94-B536-4CF44FACEEA9}"
EndProject
Global
	GlobalSection(SolutionConfigurationPlatforms) = preSolution
		Debug|Any CPU = Debug|Any CPU
		Release|Any CPU = Release|Any CPU
	EndGlobalSection
	GlobalSection(ProjectConfigurationPlatforms) = postSolution
		{A66B4C49-281D-4C94-B536-4CF44FACEEA9}.Debug|Any CPU.ActiveCfg = Debug|Any CPU
		{A66B4C49-281D-4C94-B536-4CF44FACEEA9}.Debug|Any CPU.Build.0 = Debug|Any CPU
		{A66B4C49-281D-4C94-B536-4CF44FACEEA9}.Release|Any CPU.ActiveCfg = Release|Any CPU
		{A66B4C49-281D-4C94-B536-4CF44FACEEA9}.Release|Any CPU.Build.0 = Release|Any CPU
	EndGlobalSection
	GlobalSection(SolutionProperties) = preSolution
		HideSolutionNode = FALSE
	EndGlobalSection
	GlobalSection(ExtensibilityGlobals) = postSolution
		SolutionGuid = {7A278AE0-C45E-4223-B094-6809DDD1B7C3}
	EndGlobalSection
EndGlobal
